
Microsoft Visual Studio Solution File, Format Version 12.00
# Visual Studio Version 17
VisualStudioVersion = 17.10.34707.107
MinimumVisualStudioVersion = 10.0.40219.1
Project("{FAE04EC0-301F-11D3-BF4B-00C04F79EFBC}") = "GrpcServiceGettringStrated", "GrpcServiceGettringStrated\GrpcServiceGettringStrated.csproj", "{4765C6BD-0217-431E-AEC8-E34E6DB777F5}"
EndProject
Global
	GlobalSection(SolutionConfigurationPlatforms) = preSolution
		Debug|Any CPU = Debug|Any CPU
		Release|Any CPU = Release|Any CPU
	EndGlobalSection
	GlobalSection(ProjectConfigurationPlatforms) = postSolution
		{4765C6BD-0217-431E-AEC8-E34E6DB777F5}.Debug|Any CPU.ActiveCfg = Debug|Any CPU
		{4765C6BD-0217-431E-AEC8-E34E6DB777F5}.Debug|Any CPU.Build.0 = Debug|Any CPU
		{4765C6BD-0217-431E-AEC8-E34E6DB777F5}.Release|Any CPU.ActiveCfg = Release|Any CPU
		{4765C6BD-0217-431E-AEC8-E34E6DB777F5}.Release|Any CPU.Build.0 = Release|Any CPU
	EndGlobalSection
	GlobalSection(SolutionProperties) = preSolution
		HideSolutionNode = FALSE
	EndGlobalSection
	GlobalSection(ExtensibilityGlobals) = postSolution
		SolutionGuid = {E0BC9B00-2AE4-47B0-81E1-AF3B3B3BC074}
	EndGlobalSection
EndGlobal
